github.com/prometheus/client_golang v1.17.0 h1:rl2sfwZMtSthVU752MqfjQozy7blglC+1SOtjMAMh+Q=
github.com/prometheus/client_golang v1.17.0/go.mod h1:VeL+gMmOAxkS2IqfCq0ZmHSL+LjWfWDUmp1mBz9JgUY=
k8s.io/apimachinery v0.29.4 h1:RaFdJiDmuKs/8cm1M6Dh1Kvyh59YQFDcFuFTSmXes6Q=
k8s.io/apimachinery v0.29.4/go.mod h1:i3FJVwhvSp/6n8Fl4K97PJEP8C+MM+aoDq4+ZJBf70Y=
k8s.io/client-go v0.29.4 h1:79ytIedxVfyXV8rpH3jCBW0u+un0fxHDwX5F9K8dPR8=
k8s.io/client-go v0.29.4/go.mod h1:kC1thZQ4zQWYwldsfI088BbK6RkxK+aF5ebV8y9Q4tk=
